// !$*UTF8*$!
{
	archiveVersion = 1;
	classes = {
	};
	objectVersion = 46;
	objects = {

/* Begin PBXBuildFile section */
		AB12432E1C4B7154009F29E8 /* UIViewTintAdjustmentModeConverter.swift in Sources */ = {isa = PBXBuildFile; fileRef = AB12432D1C4B7154009F29E8 /* UIViewTintAdjustmentModeConverter.swift */; };
		AB1243301C4B756B009F29E8 /* UIEdgeInsetsConverter.swift in Sources */ = {isa = PBXBuildFile; fileRef = AB12432F1C4B756B009F29E8 /* UIEdgeInsetsConverter.swift */; };
		AB1243321C4B78D3009F29E8 /* UIEdgeInsetsConverterTest.swift in Sources */ = {isa = PBXBuildFile; fileRef = AB1243311C4B78D3009F29E8 /* UIEdgeInsetsConverterTest.swift */; };
		AB1243341C4CA7CF009F29E8 /* Converter.swift in Sources */ = {isa = PBXBuildFile; fileRef = AB1243331C4CA7CF009F29E8 /* Converter.swift */; };
		AB1243361C4CBA2F009F29E8 /* BooleanConverter.swift in Sources */ = {isa = PBXBuildFile; fileRef = AB1243351C4CBA2F009F29E8 /* BooleanConverter.swift */; };
		AB12433A1C4CD261009F29E8 /* CGRectConverter.swift in Sources */ = {isa = PBXBuildFile; fileRef = AB1243391C4CD261009F29E8 /* CGRectConverter.swift */; };
		AB1243401C4CF204009F29E8 /* BoolConverterTest.swift in Sources */ = {isa = PBXBuildFile; fileRef = AB12433F1C4CF204009F29E8 /* BoolConverterTest.swift */; };
		AB1243421C4CF2B2009F29E8 /* UIViewTintAdjustmentModeConverterTest.swift in Sources */ = {isa = PBXBuildFile; fileRef = AB1243411C4CF2B2009F29E8 /* UIViewTintAdjustmentModeConverterTest.swift */; };
		AB1243441C4CF369009F29E8 /* CGRectConverterTest.swift in Sources */ = {isa = PBXBuildFile; fileRef = AB1243431C4CF369009F29E8 /* CGRectConverterTest.swift */; };
		AB35DD421C45093600E60F32 /* UIViewLocation.swift in Sources */ = {isa = PBXBuildFile; fileRef = AB35DD411C45093600E60F32 /* UIViewLocation.swift */; };
		AB35DD441C46675400E60F32 /* PBNodeCollection.swift in Sources */ = {isa = PBXBuildFile; fileRef = AB35DD431C46675400E60F32 /* PBNodeCollection.swift */; };
		AB35DD461C467BA300E60F32 /* Array+remove.swift in Sources */ = {isa = PBXBuildFile; fileRef = AB35DD451C467BA300E60F32 /* Array+remove.swift */; };
		AB3984C31C26906A00A38589 /* pixelbits.h in Headers */ = {isa = PBXBuildFile; fileRef = AB3984C21C26906A00A38589 /* pixelbits.h */; settings = {ATTRIBUTES = (Public, ); }; };
		AB3984CB1C2690EC00A38589 /* Pixelbits.swift in Sources */ = {isa = PBXBuildFile; fileRef = AB3984CA1C2690EC00A38589 /* Pixelbits.swift */; };
		AB3984CE1C26927300A38589 /* UIView+Bits.swift in Sources */ = {isa = PBXBuildFile; fileRef = AB3984CD1C26927300A38589 /* UIView+Bits.swift */; };
		AB3A4A4E1C44DA9200BB44FE /* PBPropertyType.swift in Sources */ = {isa = PBXBuildFile; fileRef = AB3A4A4D1C44DA9200BB44FE /* PBPropertyType.swift */; };
		AB3E860D1C4E135100695EC1 /* Swizzling.swift in Sources */ = {isa = PBXBuildFile; fileRef = AB3E860C1C4E135100695EC1 /* Swizzling.swift */; };
		AB473B2A1C4A984D00538FE6 /* DictionaryKeyConverter.swift in Sources */ = {isa = PBXBuildFile; fileRef = AB473B1E1C4A984D00538FE6 /* DictionaryKeyConverter.swift */; };
		AB473B2B1C4A984D00538FE6 /* NSTextAlignmentConverter.swift in Sources */ = {isa = PBXBuildFile; fileRef = AB473B1F1C4A984D00538FE6 /* NSTextAlignmentConverter.swift */; };
		AB473B2C1C4A984D00538FE6 /* UIColorConverter.swift in Sources */ = {isa = PBXBuildFile; fileRef = AB473B201C4A984D00538FE6 /* UIColorConverter.swift */; };
		AB473B2D1C4A984D00538FE6 /* UIControlContentHorizontalAlignmentConverter.swift in Sources */ = {isa = PBXBuildFile; fileRef = AB473B211C4A984D00538FE6 /* UIControlContentHorizontalAlignmentConverter.swift */; };
		AB473B2E1C4A984D00538FE6 /* UIControlContentVerticalAlignmentConverter.swift in Sources */ = {isa = PBXBuildFile; fileRef = AB473B221C4A984D00538FE6 /* UIControlContentVerticalAlignmentConverter.swift */; };
		AB473B2F1C4A984D00538FE6 /* UIControlStateConverter.swift in Sources */ = {isa = PBXBuildFile; fileRef = AB473B231C4A984D00538FE6 /* UIControlStateConverter.swift */; };
		AB473B301C4A984D00538FE6 /* UIFontConverter.swift in Sources */ = {isa = PBXBuildFile; fileRef = AB473B241C4A984D00538FE6 /* UIFontConverter.swift */; };
		AB473B311C4A984D00538FE6 /* UIFontTextStyleConverter.swift in Sources */ = {isa = PBXBuildFile; fileRef = AB473B251C4A984D00538FE6 /* UIFontTextStyleConverter.swift */; };
		AB473B321C4A984D00538FE6 /* UIImageConverter.swift in Sources */ = {isa = PBXBuildFile; fileRef = AB473B261C4A984D00538FE6 /* UIImageConverter.swift */; };
		AB473B331C4A984D00538FE6 /* UIViewContentModeConverter.swift in Sources */ = {isa = PBXBuildFile; fileRef = AB473B271C4A984D00538FE6 /* UIViewContentModeConverter.swift */; };
		AB473B341C4A984D00538FE6 /* ValueToPropertyConverter.swift in Sources */ = {isa = PBXBuildFile; fileRef = AB473B281C4A984D00538FE6 /* ValueToPropertyConverter.swift */; };
		AB5E6B0C1C53517E00834C15 /* PBVariables.swift in Sources */ = {isa = PBXBuildFile; fileRef = AB5E6B0B1C53517E00834C15 /* PBVariables.swift */; };
		AB637E5F1C47A61B00B0A845 /* String+Regex.swift in Sources */ = {isa = PBXBuildFile; fileRef = AB637E5E1C47A61B00B0A845 /* String+Regex.swift */; };
		AB7C54DF1C48B681005FDF1B /* pixelbits.framework in Frameworks */ = {isa = PBXBuildFile; fileRef = AB3984BF1C26906A00A38589 /* pixelbits.framework */; };
		AB7C54E61C48B6CC005FDF1B /* pathFindingTests.swift in Sources */ = {isa = PBXBuildFile; fileRef = AB7C54E51C48B6CC005FDF1B /* pathFindingTests.swift */; };
		ABAF56F31C4E06DA00D4EA23 /* Log.swift in Sources */ = {isa = PBXBuildFile; fileRef = ABAF56F01C4E06DA00D4EA23 /* Log.swift */; };
		ABAF56F41C4E06DA00D4EA23 /* SwiftExceptionHandling.h in Headers */ = {isa = PBXBuildFile; fileRef = ABAF56F11C4E06DA00D4EA23 /* SwiftExceptionHandling.h */; settings = {ATTRIBUTES = (Public, ); }; };
		ABAF56F51C4E06DA00D4EA23 /* SwiftExceptionHandling.m in Sources */ = {isa = PBXBuildFile; fileRef = ABAF56F21C4E06DA00D4EA23 /* SwiftExceptionHandling.m */; };
		ABAF56F81C4E07B900D4EA23 /* SwiftExceptionHandling.h in Sources */ = {isa = PBXBuildFile; fileRef = ABAF56F11C4E06DA00D4EA23 /* SwiftExceptionHandling.h */; };
		ABB440261C48E946009028B8 /* UIColorConverterTest.swift in Sources */ = {isa = PBXBuildFile; fileRef = ABB440251C48E946009028B8 /* UIColorConverterTest.swift */; };
		ABB440281C48EF79009028B8 /* NSTextAlignmentConverterTest.swift in Sources */ = {isa = PBXBuildFile; fileRef = ABB440271C48EF79009028B8 /* NSTextAlignmentConverterTest.swift */; };
		ABB4402A1C48F571009028B8 /* UIControlContentVerticalAlignmentConverterTest.swift in Sources */ = {isa = PBXBuildFile; fileRef = ABB440291C48F571009028B8 /* UIControlContentVerticalAlignmentConverterTest.swift */; };
		ABB4402C1C48F60C009028B8 /* UIControlContentHorizontalAlignmentConverterTest.swift in Sources */ = {isa = PBXBuildFile; fileRef = ABB4402B1C48F60C009028B8 /* UIControlContentHorizontalAlignmentConverterTest.swift */; };
		ABB4402E1C48F634009028B8 /* UIControlStateConverterTest.swift in Sources */ = {isa = PBXBuildFile; fileRef = ABB4402D1C48F634009028B8 /* UIControlStateConverterTest.swift */; };
		ABB440301C490875009028B8 /* UIImageConverterTest.swift in Sources */ = {isa = PBXBuildFile; fileRef = ABB4402F1C490875009028B8 /* UIImageConverterTest.swift */; };
		ABB440321C49094B009028B8 /* UIFontTextStyleConverterTest.swift in Sources */ = {isa = PBXBuildFile; fileRef = ABB440311C49094B009028B8 /* UIFontTextStyleConverterTest.swift */; };
		ABB440341C490A78009028B8 /* DictionaryKeyConverterTest.swift in Sources */ = {isa = PBXBuildFile; fileRef = ABB440331C490A78009028B8 /* DictionaryKeyConverterTest.swift */; };
		ABB440361C4915A9009028B8 /* UIFontConverterTest.swift in Sources */ = {isa = PBXBuildFile; fileRef = ABB440351C4915A9009028B8 /* UIFontConverterTest.swift */; };
		ABB440381C494257009028B8 /* UIViewExtensionTest.swift in Sources */ = {isa = PBXBuildFile; fileRef = ABB440371C494257009028B8 /* UIViewExtensionTest.swift */; };
		ABB4403A1C494381009028B8 /* ArrayExtensionTest.swift in Sources */ = {isa = PBXBuildFile; fileRef = ABB440391C494381009028B8 /* ArrayExtensionTest.swift */; };
		ABB4403E1C4990AC009028B8 /* UIViewContentModeConverterTest.swift in Sources */ = {isa = PBXBuildFile; fileRef = ABB4403D1C4990AC009028B8 /* UIViewContentModeConverterTest.swift */; };
		ABB440401C4992EE009028B8 /* ValueToPropertyConverterTest.swift in Sources */ = {isa = PBXBuildFile; fileRef = ABB4403F1C4992EE009028B8 /* ValueToPropertyConverterTest.swift */; };
		ABB56CEE1C4A9A1600032346 /* AssociationKeys.swift in Sources */ = {isa = PBXBuildFile; fileRef = ABB56CEC1C4A9A1600032346 /* AssociationKeys.swift */; };
		ABB56CEF1C4A9A1600032346 /* ConverterValues.swift in Sources */ = {isa = PBXBuildFile; fileRef = ABB56CED1C4A9A1600032346 /* ConverterValues.swift */; };
		ABC6A4F61C4F722100A20DDD /* UIProgressViewStyleConverter.swift in Sources */ = {isa = PBXBuildFile; fileRef = ABC6A4F51C4F722100A20DDD /* UIProgressViewStyleConverter.swift */; };
		ABE17D1D1C42FF6B00755B1F /* PBNode.swift in Sources */ = {isa = PBXBuildFile; fileRef = ABE17D1C1C42FF6B00755B1F /* PBNode.swift */; };
		ABE17D231C439CA400755B1F /* PBProperty.swift in Sources */ = {isa = PBXBuildFile; fileRef = ABE17D221C439CA400755B1F /* PBProperty.swift */; };
/* End PBXBuildFile section */

/* Begin PBXContainerItemProxy section */
		AB7C54E01C48B681005FDF1B /* PBXContainerItemProxy */ = {
			isa = PBXContainerItemProxy;
			containerPortal = AB3984B61C26906A00A38589 /* Project object */;
			proxyType = 1;
			remoteGlobalIDString = AB3984BE1C26906A00A38589;
			remoteInfo = pixelbits;
		};
/* End PBXContainerItemProxy section */

/* Begin PBXFileReference section */
		AB12432D1C4B7154009F29E8 /* UIViewTintAdjustmentModeConverter.swift */ = {isa = PBXFileReference; fileEncoding = 4; lastKnownFileType = sourcecode.swift; path = UIViewTintAdjustmentModeConverter.swift; sourceTree = "<group>"; };
		AB12432F1C4B756B009F29E8 /* UIEdgeInsetsConverter.swift */ = {isa = PBXFileReference; fileEncoding = 4; lastKnownFileType = sourcecode.swift; path = UIEdgeInsetsConverter.swift; sourceTree = "<group>"; };
		AB1243311C4B78D3009F29E8 /* UIEdgeInsetsConverterTest.swift */ = {isa = PBXFileReference; fileEncoding = 4; lastKnownFileType = sourcecode.swift; path = UIEdgeInsetsConverterTest.swift; sourceTree = "<group>"; };
		AB1243331C4CA7CF009F29E8 /* Converter.swift */ = {isa = PBXFileReference; fileEncoding = 4; lastKnownFileType = sourcecode.swift; path = Converter.swift; sourceTree = "<group>"; };
		AB1243351C4CBA2F009F29E8 /* BooleanConverter.swift */ = {isa = PBXFileReference; fileEncoding = 4; lastKnownFileType = sourcecode.swift; path = BooleanConverter.swift; sourceTree = "<group>"; };
		AB1243391C4CD261009F29E8 /* CGRectConverter.swift */ = {isa = PBXFileReference; fileEncoding = 4; lastKnownFileType = sourcecode.swift; path = CGRectConverter.swift; sourceTree = "<group>"; };
		AB12433F1C4CF204009F29E8 /* BoolConverterTest.swift */ = {isa = PBXFileReference; fileEncoding = 4; lastKnownFileType = sourcecode.swift; path = BoolConverterTest.swift; sourceTree = "<group>"; };
		AB1243411C4CF2B2009F29E8 /* UIViewTintAdjustmentModeConverterTest.swift */ = {isa = PBXFileReference; fileEncoding = 4; lastKnownFileType = sourcecode.swift; path = UIViewTintAdjustmentModeConverterTest.swift; sourceTree = "<group>"; };
		AB1243431C4CF369009F29E8 /* CGRectConverterTest.swift */ = {isa = PBXFileReference; fileEncoding = 4; lastKnownFileType = sourcecode.swift; path = CGRectConverterTest.swift; sourceTree = "<group>"; };
		AB35DD411C45093600E60F32 /* UIViewLocation.swift */ = {isa = PBXFileReference; fileEncoding = 4; lastKnownFileType = sourcecode.swift; path = UIViewLocation.swift; sourceTree = "<group>"; };
		AB35DD431C46675400E60F32 /* PBNodeCollection.swift */ = {isa = PBXFileReference; fileEncoding = 4; lastKnownFileType = sourcecode.swift; path = PBNodeCollection.swift; sourceTree = "<group>"; };
		AB35DD451C467BA300E60F32 /* Array+remove.swift */ = {isa = PBXFileReference; fileEncoding = 4; lastKnownFileType = sourcecode.swift; name = "Array+remove.swift"; path = "Extensions/Array+remove.swift"; sourceTree = "<group>"; };
		AB3984BF1C26906A00A38589 /* pixelbits.framework */ = {isa = PBXFileReference; explicitFileType = wrapper.framework; includeInIndex = 0; path = pixelbits.framework; sourceTree = BUILT_PRODUCTS_DIR; };
		AB3984C21C26906A00A38589 /* pixelbits.h */ = {isa = PBXFileReference; lastKnownFileType = sourcecode.c.h; path = pixelbits.h; sourceTree = "<group>"; };
		AB3984C41C26906A00A38589 /* Info.plist */ = {isa = PBXFileReference; lastKnownFileType = text.plist.xml; path = Info.plist; sourceTree = "<group>"; };
		AB3984CA1C2690EC00A38589 /* Pixelbits.swift */ = {isa = PBXFileReference; fileEncoding = 4; lastKnownFileType = sourcecode.swift; path = Pixelbits.swift; sourceTree = "<group>"; };
		AB3984CD1C26927300A38589 /* UIView+Bits.swift */ = {isa = PBXFileReference; fileEncoding = 4; lastKnownFileType = sourcecode.swift; name = "UIView+Bits.swift"; path = "Extensions/UIView+Bits.swift"; sourceTree = "<group>"; };
		AB3A4A4D1C44DA9200BB44FE /* PBPropertyType.swift */ = {isa = PBXFileReference; fileEncoding = 4; lastKnownFileType = sourcecode.swift; path = PBPropertyType.swift; sourceTree = "<group>"; };
		AB3E860C1C4E135100695EC1 /* Swizzling.swift */ = {isa = PBXFileReference; fileEncoding = 4; lastKnownFileType = sourcecode.swift; path = Swizzling.swift; sourceTree = "<group>"; };
		AB473B1E1C4A984D00538FE6 /* DictionaryKeyConverter.swift */ = {isa = PBXFileReference; fileEncoding = 4; lastKnownFileType = sourcecode.swift; path = DictionaryKeyConverter.swift; sourceTree = "<group>"; };
		AB473B1F1C4A984D00538FE6 /* NSTextAlignmentConverter.swift */ = {isa = PBXFileReference; fileEncoding = 4; lastKnownFileType = sourcecode.swift; path = NSTextAlignmentConverter.swift; sourceTree = "<group>"; };
		AB473B201C4A984D00538FE6 /* UIColorConverter.swift */ = {isa = PBXFileReference; fileEncoding = 4; lastKnownFileType = sourcecode.swift; path = UIColorConverter.swift; sourceTree = "<group>"; };
		AB473B211C4A984D00538FE6 /* UIControlContentHorizontalAlignmentConverter.swift */ = {isa = PBXFileReference; fileEncoding = 4; lastKnownFileType = sourcecode.swift; path = UIControlContentHorizontalAlignmentConverter.swift; sourceTree = "<group>"; };
		AB473B221C4A984D00538FE6 /* UIControlContentVerticalAlignmentConverter.swift */ = {isa = PBXFileReference; fileEncoding = 4; lastKnownFileType = sourcecode.swift; path = UIControlContentVerticalAlignmentConverter.swift; sourceTree = "<group>"; };
		AB473B231C4A984D00538FE6 /* UIControlStateConverter.swift */ = {isa = PBXFileReference; fileEncoding = 4; lastKnownFileType = sourcecode.swift; path = UIControlStateConverter.swift; sourceTree = "<group>"; };
		AB473B241C4A984D00538FE6 /* UIFontConverter.swift */ = {isa = PBXFileReference; fileEncoding = 4; lastKnownFileType = sourcecode.swift; path = UIFontConverter.swift; sourceTree = "<group>"; };
		AB473B251C4A984D00538FE6 /* UIFontTextStyleConverter.swift */ = {isa = PBXFileReference; fileEncoding = 4; lastKnownFileType = sourcecode.swift; path = UIFontTextStyleConverter.swift; sourceTree = "<group>"; };
		AB473B261C4A984D00538FE6 /* UIImageConverter.swift */ = {isa = PBXFileReference; fileEncoding = 4; lastKnownFileType = sourcecode.swift; path = UIImageConverter.swift; sourceTree = "<group>"; };
		AB473B271C4A984D00538FE6 /* UIViewContentModeConverter.swift */ = {isa = PBXFileReference; fileEncoding = 4; lastKnownFileType = sourcecode.swift; path = UIViewContentModeConverter.swift; sourceTree = "<group>"; };
		AB473B281C4A984D00538FE6 /* ValueToPropertyConverter.swift */ = {isa = PBXFileReference; fileEncoding = 4; lastKnownFileType = sourcecode.swift; path = ValueToPropertyConverter.swift; sourceTree = "<group>"; };
		AB5E6B0B1C53517E00834C15 /* PBVariables.swift */ = {isa = PBXFileReference; fileEncoding = 4; lastKnownFileType = sourcecode.swift; path = PBVariables.swift; sourceTree = "<group>"; };
		AB637E5E1C47A61B00B0A845 /* String+Regex.swift */ = {isa = PBXFileReference; fileEncoding = 4; lastKnownFileType = sourcecode.swift; name = "String+Regex.swift"; path = "Extensions/String+Regex.swift"; sourceTree = "<group>"; };
		AB7C54DA1C48B681005FDF1B /* pixelbitsTests.xctest */ = {isa = PBXFileReference; explicitFileType = wrapper.cfbundle; includeInIndex = 0; path = pixelbitsTests.xctest; sourceTree = BUILT_PRODUCTS_DIR; };
		AB7C54DE1C48B681005FDF1B /* Info.plist */ = {isa = PBXFileReference; lastKnownFileType = text.plist.xml; path = Info.plist; sourceTree = "<group>"; };
		AB7C54E51C48B6CC005FDF1B /* pathFindingTests.swift */ = {isa = PBXFileReference; fileEncoding = 4; lastKnownFileType = sourcecode.swift; path = pathFindingTests.swift; sourceTree = "<group>"; };
		ABAF56F01C4E06DA00D4EA23 /* Log.swift */ = {isa = PBXFileReference; fileEncoding = 4; lastKnownFileType = sourcecode.swift; path = Log.swift; sourceTree = "<group>"; };
		ABAF56F11C4E06DA00D4EA23 /* SwiftExceptionHandling.h */ = {isa = PBXFileReference; fileEncoding = 4; lastKnownFileType = sourcecode.c.h; path = SwiftExceptionHandling.h; sourceTree = "<group>"; };
		ABAF56F21C4E06DA00D4EA23 /* SwiftExceptionHandling.m */ = {isa = PBXFileReference; fileEncoding = 4; lastKnownFileType = sourcecode.c.objc; path = SwiftExceptionHandling.m; sourceTree = "<group>"; };
		ABB440251C48E946009028B8 /* UIColorConverterTest.swift */ = {isa = PBXFileReference; fileEncoding = 4; lastKnownFileType = sourcecode.swift; path = UIColorConverterTest.swift; sourceTree = "<group>"; };
		ABB440271C48EF79009028B8 /* NSTextAlignmentConverterTest.swift */ = {isa = PBXFileReference; fileEncoding = 4; lastKnownFileType = sourcecode.swift; path = NSTextAlignmentConverterTest.swift; sourceTree = "<group>"; };
		ABB440291C48F571009028B8 /* UIControlContentVerticalAlignmentConverterTest.swift */ = {isa = PBXFileReference; fileEncoding = 4; lastKnownFileType = sourcecode.swift; path = UIControlContentVerticalAlignmentConverterTest.swift; sourceTree = "<group>"; };
		ABB4402B1C48F60C009028B8 /* UIControlContentHorizontalAlignmentConverterTest.swift */ = {isa = PBXFileReference; fileEncoding = 4; lastKnownFileType = sourcecode.swift; path = UIControlContentHorizontalAlignmentConverterTest.swift; sourceTree = "<group>"; };
		ABB4402D1C48F634009028B8 /* UIControlStateConverterTest.swift */ = {isa = PBXFileReference; fileEncoding = 4; lastKnownFileType = sourcecode.swift; path = UIControlStateConverterTest.swift; sourceTree = "<group>"; };
		ABB4402F1C490875009028B8 /* UIImageConverterTest.swift */ = {isa = PBXFileReference; fileEncoding = 4; lastKnownFileType = sourcecode.swift; path = UIImageConverterTest.swift; sourceTree = "<group>"; };
		ABB440311C49094B009028B8 /* UIFontTextStyleConverterTest.swift */ = {isa = PBXFileReference; fileEncoding = 4; lastKnownFileType = sourcecode.swift; path = UIFontTextStyleConverterTest.swift; sourceTree = "<group>"; };
		ABB440331C490A78009028B8 /* DictionaryKeyConverterTest.swift */ = {isa = PBXFileReference; fileEncoding = 4; lastKnownFileType = sourcecode.swift; path = DictionaryKeyConverterTest.swift; sourceTree = "<group>"; };
		ABB440351C4915A9009028B8 /* UIFontConverterTest.swift */ = {isa = PBXFileReference; fileEncoding = 4; lastKnownFileType = sourcecode.swift; path = UIFontConverterTest.swift; sourceTree = "<group>"; };
		ABB440371C494257009028B8 /* UIViewExtensionTest.swift */ = {isa = PBXFileReference; fileEncoding = 4; lastKnownFileType = sourcecode.swift; path = UIViewExtensionTest.swift; sourceTree = "<group>"; };
		ABB440391C494381009028B8 /* ArrayExtensionTest.swift */ = {isa = PBXFileReference; fileEncoding = 4; lastKnownFileType = sourcecode.swift; path = ArrayExtensionTest.swift; sourceTree = "<group>"; };
		ABB4403D1C4990AC009028B8 /* UIViewContentModeConverterTest.swift */ = {isa = PBXFileReference; fileEncoding = 4; lastKnownFileType = sourcecode.swift; path = UIViewContentModeConverterTest.swift; sourceTree = "<group>"; };
		ABB4403F1C4992EE009028B8 /* ValueToPropertyConverterTest.swift */ = {isa = PBXFileReference; fileEncoding = 4; lastKnownFileType = sourcecode.swift; path = ValueToPropertyConverterTest.swift; sourceTree = "<group>"; };
		ABB56CEC1C4A9A1600032346 /* AssociationKeys.swift */ = {isa = PBXFileReference; fileEncoding = 4; lastKnownFileType = sourcecode.swift; path = AssociationKeys.swift; sourceTree = "<group>"; };
		ABB56CED1C4A9A1600032346 /* ConverterValues.swift */ = {isa = PBXFileReference; fileEncoding = 4; lastKnownFileType = sourcecode.swift; path = ConverterValues.swift; sourceTree = "<group>"; };
		ABC6A4F51C4F722100A20DDD /* UIProgressViewStyleConverter.swift */ = {isa = PBXFileReference; fileEncoding = 4; lastKnownFileType = sourcecode.swift; path = UIProgressViewStyleConverter.swift; sourceTree = "<group>"; };
		ABE17D1C1C42FF6B00755B1F /* PBNode.swift */ = {isa = PBXFileReference; fileEncoding = 4; lastKnownFileType = sourcecode.swift; path = PBNode.swift; sourceTree = "<group>"; };
		ABE17D221C439CA400755B1F /* PBProperty.swift */ = {isa = PBXFileReference; fileEncoding = 4; lastKnownFileType = sourcecode.swift; path = PBProperty.swift; sourceTree = "<group>"; };
/* End PBXFileReference section */

/* Begin PBXFrameworksBuildPhase section */
		AB3984BB1C26906A00A38589 /* Frameworks */ = {
			isa = PBXFrameworksBuildPhase;
			buildActionMask = 2147483647;
			files = (
			);
			runOnlyForDeploymentPostprocessing = 0;
		};
		AB7C54D71C48B681005FDF1B /* Frameworks */ = {
			isa = PBXFrameworksBuildPhase;
			buildActionMask = 2147483647;
			files = (
				AB7C54DF1C48B681005FDF1B /* pixelbits.framework in Frameworks */,
			);
			runOnlyForDeploymentPostprocessing = 0;
		};
/* End PBXFrameworksBuildPhase section */

/* Begin PBXGroup section */
		AB3984B51C26906A00A38589 = {
			isa = PBXGroup;
			children = (
				AB3984C11C26906A00A38589 /* pixelbits */,
				AB7C54DB1C48B681005FDF1B /* pixelbitsTests */,
				AB3984C01C26906A00A38589 /* Products */,
			);
			sourceTree = "<group>";
		};
		AB3984C01C26906A00A38589 /* Products */ = {
			isa = PBXGroup;
			children = (
				AB3984BF1C26906A00A38589 /* pixelbits.framework */,
				AB7C54DA1C48B681005FDF1B /* pixelbitsTests.xctest */,
			);
			name = Products;
			sourceTree = "<group>";
		};
		AB3984C11C26906A00A38589 /* pixelbits */ = {
			isa = PBXGroup;
			children = (
				AB473B1C1C4A984D00538FE6 /* Converters */,
				ABB56CEB1C4A9A1600032346 /* Definitions */,
				AB3984CC1C26925200A38589 /* Extensions */,
				AB3984C41C26906A00A38589 /* Info.plist */,
				ABAF56EF1C4E06DA00D4EA23 /* Other */,
				ABE17D191C42FF2500755B1F /* Parsing */,
				AB3984C21C26906A00A38589 /* pixelbits.h */,
				AB3984CA1C2690EC00A38589 /* Pixelbits.swift */,
			);
			path = pixelbits;
			sourceTree = "<group>";
		};
		AB3984CC1C26925200A38589 /* Extensions */ = {
			isa = PBXGroup;
			children = (
				AB35DD451C467BA300E60F32 /* Array+remove.swift */,
				AB637E5E1C47A61B00B0A845 /* String+Regex.swift */,
				AB3984CD1C26927300A38589 /* UIView+Bits.swift */,
			);
			name = Extensions;
			sourceTree = "<group>";
		};
		AB473B1C1C4A984D00538FE6 /* Converters */ = {
			isa = PBXGroup;
			children = (
				AB1243351C4CBA2F009F29E8 /* BooleanConverter.swift */,
				AB1243391C4CD261009F29E8 /* CGRectConverter.swift */,
				AB473B1E1C4A984D00538FE6 /* DictionaryKeyConverter.swift */,
				AB473B1F1C4A984D00538FE6 /* NSTextAlignmentConverter.swift */,
				AB473B201C4A984D00538FE6 /* UIColorConverter.swift */,
				AB473B211C4A984D00538FE6 /* UIControlContentHorizontalAlignmentConverter.swift */,
				AB473B221C4A984D00538FE6 /* UIControlContentVerticalAlignmentConverter.swift */,
				AB473B231C4A984D00538FE6 /* UIControlStateConverter.swift */,
				AB12432F1C4B756B009F29E8 /* UIEdgeInsetsConverter.swift */,
				AB473B241C4A984D00538FE6 /* UIFontConverter.swift */,
				AB473B251C4A984D00538FE6 /* UIFontTextStyleConverter.swift */,
				AB473B261C4A984D00538FE6 /* UIImageConverter.swift */,
				ABC6A4F51C4F722100A20DDD /* UIProgressViewStyleConverter.swift */,
				AB473B271C4A984D00538FE6 /* UIViewContentModeConverter.swift */,
				AB12432D1C4B7154009F29E8 /* UIViewTintAdjustmentModeConverter.swift */,
				AB473B281C4A984D00538FE6 /* ValueToPropertyConverter.swift */,
			);
			path = Converters;
			sourceTree = "<group>";
		};
		AB7C54DB1C48B681005FDF1B /* pixelbitsTests */ = {
			isa = PBXGroup;
			children = (
				AB1243431C4CF369009F29E8 /* CGRectConverterTest.swift */,
				AB1243411C4CF2B2009F29E8 /* UIViewTintAdjustmentModeConverterTest.swift */,
				AB12433F1C4CF204009F29E8 /* BoolConverterTest.swift */,
				ABB440391C494381009028B8 /* ArrayExtensionTest.swift */,
				ABB440331C490A78009028B8 /* DictionaryKeyConverterTest.swift */,
				AB7C54DE1C48B681005FDF1B /* Info.plist */,
				ABB440271C48EF79009028B8 /* NSTextAlignmentConverterTest.swift */,
				AB7C54E51C48B6CC005FDF1B /* pathFindingTests.swift */,
				ABB440251C48E946009028B8 /* UIColorConverterTest.swift */,
				ABB4402B1C48F60C009028B8 /* UIControlContentHorizontalAlignmentConverterTest.swift */,
				ABB440291C48F571009028B8 /* UIControlContentVerticalAlignmentConverterTest.swift */,
				ABB4402D1C48F634009028B8 /* UIControlStateConverterTest.swift */,
				AB1243311C4B78D3009F29E8 /* UIEdgeInsetsConverterTest.swift */,
				ABB440351C4915A9009028B8 /* UIFontConverterTest.swift */,
				ABB440311C49094B009028B8 /* UIFontTextStyleConverterTest.swift */,
				ABB4402F1C490875009028B8 /* UIImageConverterTest.swift */,
				ABB4403D1C4990AC009028B8 /* UIViewContentModeConverterTest.swift */,
				ABB440371C494257009028B8 /* UIViewExtensionTest.swift */,
				ABB4403F1C4992EE009028B8 /* ValueToPropertyConverterTest.swift */,
			);
			path = pixelbitsTests;
			sourceTree = "<group>";
		};
		ABAF56EF1C4E06DA00D4EA23 /* Other */ = {
			isa = PBXGroup;
			children = (
				ABAF56F01C4E06DA00D4EA23 /* Log.swift */,
				ABAF56F11C4E06DA00D4EA23 /* SwiftExceptionHandling.h */,
				ABAF56F21C4E06DA00D4EA23 /* SwiftExceptionHandling.m */,
				AB3E860C1C4E135100695EC1 /* Swizzling.swift */,
			);
			path = Other;
			sourceTree = "<group>";
		};
		ABB56CEB1C4A9A1600032346 /* Definitions */ = {
			isa = PBXGroup;
			children = (
				ABB56CEC1C4A9A1600032346 /* AssociationKeys.swift */,
				ABB56CED1C4A9A1600032346 /* ConverterValues.swift */,
				AB1243331C4CA7CF009F29E8 /* Converter.swift */,
			);
			path = Definitions;
			sourceTree = "<group>";
		};
		ABE17D191C42FF2500755B1F /* Parsing */ = {
			isa = PBXGroup;
			children = (
				ABE17D1C1C42FF6B00755B1F /* PBNode.swift */,
				AB35DD431C46675400E60F32 /* PBNodeCollection.swift */,
				ABE17D221C439CA400755B1F /* PBProperty.swift */,
				AB3A4A4D1C44DA9200BB44FE /* PBPropertyType.swift */,
				AB35DD411C45093600E60F32 /* UIViewLocation.swift */,
				AB5E6B0B1C53517E00834C15 /* PBVariables.swift */,
			);
			name = Parsing;
			path = Parser;
			sourceTree = "<group>";
		};
/* End PBXGroup section */

/* Begin PBXHeadersBuildPhase section */
		AB3984BC1C26906A00A38589 /* Headers */ = {
			isa = PBXHeadersBuildPhase;
			buildActionMask = 2147483647;
			files = (
				ABAF56F41C4E06DA00D4EA23 /* SwiftExceptionHandling.h in Headers */,
				AB3984C31C26906A00A38589 /* pixelbits.h in Headers */,
			);
			runOnlyForDeploymentPostprocessing = 0;
		};
/* End PBXHeadersBuildPhase section */

/* Begin PBXNativeTarget section */
		AB3984BE1C26906A00A38589 /* pixelbits */ = {
			isa = PBXNativeTarget;
			buildConfigurationList = AB3984C71C26906A00A38589 /* Build configuration list for PBXNativeTarget "pixelbits" */;
			buildPhases = (
				AB3984BA1C26906A00A38589 /* Sources */,
				AB3984BB1C26906A00A38589 /* Frameworks */,
				AB3984BC1C26906A00A38589 /* Headers */,
				AB3984BD1C26906A00A38589 /* Resources */,
			);
			buildRules = (
			);
			dependencies = (
			);
			name = pixelbits;
			productName = pixelbits;
			productReference = AB3984BF1C26906A00A38589 /* pixelbits.framework */;
			productType = "com.apple.product-type.framework";
		};
		AB7C54D91C48B681005FDF1B /* pixelbitsTests */ = {
			isa = PBXNativeTarget;
			buildConfigurationList = AB7C54E21C48B681005FDF1B /* Build configuration list for PBXNativeTarget "pixelbitsTests" */;
			buildPhases = (
				AB7C54D61C48B681005FDF1B /* Sources */,
				AB7C54D71C48B681005FDF1B /* Frameworks */,
				AB7C54D81C48B681005FDF1B /* Resources */,
			);
			buildRules = (
			);
			dependencies = (
				AB7C54E11C48B681005FDF1B /* PBXTargetDependency */,
			);
			name = pixelbitsTests;
			productName = pixelbitsTests;
			productReference = AB7C54DA1C48B681005FDF1B /* pixelbitsTests.xctest */;
			productType = "com.apple.product-type.bundle.unit-test";
		};
/* End PBXNativeTarget section */

/* Begin PBXProject section */
		AB3984B61C26906A00A38589 /* Project object */ = {
			isa = PBXProject;
			attributes = {
				LastSwiftUpdateCheck = 0730;
				LastUpgradeCheck = 0720;
				ORGANIZATIONNAME = "Wim Haanstra";
				TargetAttributes = {
					AB3984BE1C26906A00A38589 = {
						CreatedOnToolsVersion = 7.2;
						DevelopmentTeam = VL6GQ32BN6;
					};
					AB7C54D91C48B681005FDF1B = {
						CreatedOnToolsVersion = 7.3;
					};
				};
			};
			buildConfigurationList = AB3984B91C26906A00A38589 /* Build configuration list for PBXProject "pixelbits" */;
			compatibilityVersion = "Xcode 3.2";
			developmentRegion = English;
			hasScannedForEncodings = 0;
			knownRegions = (
				en,
			);
			mainGroup = AB3984B51C26906A00A38589;
			productRefGroup = AB3984C01C26906A00A38589 /* Products */;
			projectDirPath = "";
			projectRoot = "";
			targets = (
				AB3984BE1C26906A00A38589 /* pixelbits */,
				AB7C54D91C48B681005FDF1B /* pixelbitsTests */,
			);
		};
/* End PBXProject section */

/* Begin PBXResourcesBuildPhase section */
		AB3984BD1C26906A00A38589 /* Resources */ = {
			isa = PBXResourcesBuildPhase;
			buildActionMask = 2147483647;
			files = (
			);
			runOnlyForDeploymentPostprocessing = 0;
		};
		AB7C54D81C48B681005FDF1B /* Resources */ = {
			isa = PBXResourcesBuildPhase;
			buildActionMask = 2147483647;
			files = (
			);
			runOnlyForDeploymentPostprocessing = 0;
		};
/* End PBXResourcesBuildPhase section */

/* Begin PBXSourcesBuildPhase section */
		AB3984BA1C26906A00A38589 /* Sources */ = {
			isa = PBXSourcesBuildPhase;
			buildActionMask = 2147483647;
			files = (
				AB5E6B0C1C53517E00834C15 /* PBVariables.swift in Sources */,
				ABAF56F81C4E07B900D4EA23 /* SwiftExceptionHandling.h in Sources */,
				ABB56CEF1C4A9A1600032346 /* ConverterValues.swift in Sources */,
				AB473B331C4A984D00538FE6 /* UIViewContentModeConverter.swift in Sources */,
				ABAF56F51C4E06DA00D4EA23 /* SwiftExceptionHandling.m in Sources */,
				ABC6A4F61C4F722100A20DDD /* UIProgressViewStyleConverter.swift in Sources */,
				AB1243361C4CBA2F009F29E8 /* BooleanConverter.swift in Sources */,
				AB35DD421C45093600E60F32 /* UIViewLocation.swift in Sources */,
				AB473B341C4A984D00538FE6 /* ValueToPropertyConverter.swift in Sources */,
				AB637E5F1C47A61B00B0A845 /* String+Regex.swift in Sources */,
				AB3E860D1C4E135100695EC1 /* Swizzling.swift in Sources */,
				AB12432E1C4B7154009F29E8 /* UIViewTintAdjustmentModeConverter.swift in Sources */,
				AB473B2C1C4A984D00538FE6 /* UIColorConverter.swift in Sources */,
				AB3984CE1C26927300A38589 /* UIView+Bits.swift in Sources */,
				AB473B321C4A984D00538FE6 /* UIImageConverter.swift in Sources */,
				ABE17D231C439CA400755B1F /* PBProperty.swift in Sources */,
				AB1243301C4B756B009F29E8 /* UIEdgeInsetsConverter.swift in Sources */,
				AB473B2F1C4A984D00538FE6 /* UIControlStateConverter.swift in Sources */,
				AB473B2B1C4A984D00538FE6 /* NSTextAlignmentConverter.swift in Sources */,
				ABE17D1D1C42FF6B00755B1F /* PBNode.swift in Sources */,
				AB35DD461C467BA300E60F32 /* Array+remove.swift in Sources */,
				AB1243341C4CA7CF009F29E8 /* Converter.swift in Sources */,
				ABB56CEE1C4A9A1600032346 /* AssociationKeys.swift in Sources */,
				AB473B301C4A984D00538FE6 /* UIFontConverter.swift in Sources */,
				AB473B2D1C4A984D00538FE6 /* UIControlContentHorizontalAlignmentConverter.swift in Sources */,
				AB473B2A1C4A984D00538FE6 /* DictionaryKeyConverter.swift in Sources */,
				AB12433A1C4CD261009F29E8 /* CGRectConverter.swift in Sources */,
				ABAF56F31C4E06DA00D4EA23 /* Log.swift in Sources */,
				AB35DD441C46675400E60F32 /* PBNodeCollection.swift in Sources */,
				AB3A4A4E1C44DA9200BB44FE /* PBPropertyType.swift in Sources */,
				AB473B2E1C4A984D00538FE6 /* UIControlContentVerticalAlignmentConverter.swift in Sources */,
				AB3984CB1C2690EC00A38589 /* Pixelbits.swift in Sources */,
				AB473B311C4A984D00538FE6 /* UIFontTextStyleConverter.swift in Sources */,
			);
			runOnlyForDeploymentPostprocessing = 0;
		};
		AB7C54D61C48B681005FDF1B /* Sources */ = {
			isa = PBXSourcesBuildPhase;
			buildActionMask = 2147483647;
			files = (
				ABB440321C49094B009028B8 /* UIFontTextStyleConverterTest.swift in Sources */,
				ABB440341C490A78009028B8 /* DictionaryKeyConverterTest.swift in Sources */,
				ABB4402E1C48F634009028B8 /* UIControlStateConverterTest.swift in Sources */,
				ABB4402C1C48F60C009028B8 /* UIControlContentHorizontalAlignmentConverterTest.swift in Sources */,
				ABB440381C494257009028B8 /* UIViewExtensionTest.swift in Sources */,
				ABB4403E1C4990AC009028B8 /* UIViewContentModeConverterTest.swift in Sources */,
				AB1243401C4CF204009F29E8 /* BoolConverterTest.swift in Sources */,
				AB7C54E61C48B6CC005FDF1B /* pathFindingTests.swift in Sources */,
				AB1243441C4CF369009F29E8 /* CGRectConverterTest.swift in Sources */,
				ABB440361C4915A9009028B8 /* UIFontConverterTest.swift in Sources */,
				ABB4402A1C48F571009028B8 /* UIControlContentVerticalAlignmentConverterTest.swift in Sources */,
				ABB440301C490875009028B8 /* UIImageConverterTest.swift in Sources */,
				ABB440401C4992EE009028B8 /* ValueToPropertyConverterTest.swift in Sources */,
				AB1243421C4CF2B2009F29E8 /* UIViewTintAdjustmentModeConverterTest.swift in Sources */,
				AB1243321C4B78D3009F29E8 /* UIEdgeInsetsConverterTest.swift in Sources */,
				ABB440281C48EF79009028B8 /* NSTextAlignmentConverterTest.swift in Sources */,
				ABB440261C48E946009028B8 /* UIColorConverterTest.swift in Sources */,
				ABB4403A1C494381009028B8 /* ArrayExtensionTest.swift in Sources */,
			);
			runOnlyForDeploymentPostprocessing = 0;
		};
/* End PBXSourcesBuildPhase section */

/* Begin PBXTargetDependency section */
		AB7C54E11C48B681005FDF1B /* PBXTargetDependency */ = {
			isa = PBXTargetDependency;
			target = AB3984BE1C26906A00A38589 /* pixelbits */;
			targetProxy = AB7C54E01C48B681005FDF1B /* PBXContainerItemProxy */;
		};
/* End PBXTargetDependency section */

/* Begin XCBuildConfiguration section */
		AB3984C51C26906A00A38589 /* Debug */ = {
			isa = XCBuildConfiguration;
			buildSettings = {
				ALWAYS_SEARCH_USER_PATHS = NO;
				CLANG_ALLOW_NON_MODULAR_INCLUDES_IN_FRAMEWORK_MODULES = YES;
				CLANG_CXX_LANGUAGE_STANDARD = "gnu++0x";
				CLANG_CXX_LIBRARY = "libc++";
				CLANG_ENABLE_MODULES = YES;
				CLANG_ENABLE_OBJC_ARC = YES;
				CLANG_WARN_BOOL_CONVERSION = YES;
				CLANG_WARN_CONSTANT_CONVERSION = YES;
				CLANG_WARN_DIRECT_OBJC_ISA_USAGE = YES_ERROR;
				CLANG_WARN_EMPTY_BODY = YES;
				CLANG_WARN_ENUM_CONVERSION = YES;
				CLANG_WARN_INT_CONVERSION = YES;
				CLANG_WARN_OBJC_ROOT_CLASS = YES_ERROR;
				CLANG_WARN_UNREACHABLE_CODE = YES;
				CLANG_WARN__DUPLICATE_METHOD_MATCH = YES;
				"CODE_SIGN_IDENTITY[sdk=iphoneos*]" = "iPhone Developer";
				COPY_PHASE_STRIP = NO;
				CURRENT_PROJECT_VERSION = 1;
				DEBUG_INFORMATION_FORMAT = dwarf;
				ENABLE_STRICT_OBJC_MSGSEND = YES;
				ENABLE_TESTABILITY = YES;
				GCC_C_LANGUAGE_STANDARD = gnu99;
				GCC_DYNAMIC_NO_PIC = NO;
				GCC_NO_COMMON_BLOCKS = YES;
				GCC_OPTIMIZATION_LEVEL = 0;
				GCC_PREPROCESSOR_DEFINITIONS = (
					"DEBUG=1",
					"$(inherited)",
				);
				GCC_WARN_64_TO_32_BIT_CONVERSION = YES;
				GCC_WARN_ABOUT_RETURN_TYPE = YES_ERROR;
				GCC_WARN_UNDECLARED_SELECTOR = YES;
				GCC_WARN_UNINITIALIZED_AUTOS = YES_AGGRESSIVE;
				GCC_WARN_UNUSED_FUNCTION = YES;
				GCC_WARN_UNUSED_VARIABLE = YES;
				IPHONEOS_DEPLOYMENT_TARGET = 9.0;
				MTL_ENABLE_DEBUG_INFO = YES;
				ONLY_ACTIVE_ARCH = YES;
				SDKROOT = iphoneos;
				SWIFT_OPTIMIZATION_LEVEL = "-Onone";
				TARGETED_DEVICE_FAMILY = "1,2";
				VERSIONING_SYSTEM = "apple-generic";
				VERSION_INFO_PREFIX = "";
			};
			name = Debug;
		};
		AB3984C61C26906A00A38589 /* Release */ = {
			isa = XCBuildConfiguration;
			buildSettings = {
				ALWAYS_SEARCH_USER_PATHS = NO;
				CLANG_ALLOW_NON_MODULAR_INCLUDES_IN_FRAMEWORK_MODULES = YES;
				CLANG_CXX_LANGUAGE_STANDARD = "gnu++0x";
				CLANG_CXX_LIBRARY = "libc++";
				CLANG_ENABLE_MODULES = YES;
				CLANG_ENABLE_OBJC_ARC = YES;
				CLANG_WARN_BOOL_CONVERSION = YES;
				CLANG_WARN_CONSTANT_CONVERSION = YES;
				CLANG_WARN_DIRECT_OBJC_ISA_USAGE = YES_ERROR;
				CLANG_WARN_EMPTY_BODY = YES;
				CLANG_WARN_ENUM_CONVERSION = YES;
				CLANG_WARN_INT_CONVERSION = YES;
				CLANG_WARN_OBJC_ROOT_CLASS = YES_ERROR;
				CLANG_WARN_UNREACHABLE_CODE = YES;
				CLANG_WARN__DUPLICATE_METHOD_MATCH = YES;
				"CODE_SIGN_IDENTITY[sdk=iphoneos*]" = "iPhone Developer";
				COPY_PHASE_STRIP = NO;
				CURRENT_PROJECT_VERSION = 1;
				DEBUG_INFORMATION_FORMAT = "dwarf-with-dsym";
				ENABLE_NS_ASSERTIONS = NO;
				ENABLE_STRICT_OBJC_MSGSEND = YES;
				GCC_C_LANGUAGE_STANDARD = gnu99;
				GCC_NO_COMMON_BLOCKS = YES;
				GCC_WARN_64_TO_32_BIT_CONVERSION = YES;
				GCC_WARN_ABOUT_RETURN_TYPE = YES_ERROR;
				GCC_WARN_UNDECLARED_SELECTOR = YES;
				GCC_WARN_UNINITIALIZED_AUTOS = YES_AGGRESSIVE;
				GCC_WARN_UNUSED_FUNCTION = YES;
				GCC_WARN_UNUSED_VARIABLE = YES;
				IPHONEOS_DEPLOYMENT_TARGET = 9.0;
				MTL_ENABLE_DEBUG_INFO = NO;
				SDKROOT = iphoneos;
				TARGETED_DEVICE_FAMILY = "1,2";
				VALIDATE_PRODUCT = YES;
				VERSIONING_SYSTEM = "apple-generic";
				VERSION_INFO_PREFIX = "";
			};
			name = Release;
		};
		AB3984C81C26906A00A38589 /* Debug */ = {
			isa = XCBuildConfiguration;
			buildSettings = {
				CLANG_ALLOW_NON_MODULAR_INCLUDES_IN_FRAMEWORK_MODULES = YES;
				CLANG_ENABLE_MODULES = YES;
				CODE_SIGN_IDENTITY = "iPhone Developer";
				DEFINES_MODULE = YES;
				DYLIB_COMPATIBILITY_VERSION = 1;
				DYLIB_CURRENT_VERSION = 1;
				DYLIB_INSTALL_NAME_BASE = "@rpath";
				INFOPLIST_FILE = pixelbits/Info.plist;
				INSTALL_PATH = "$(LOCAL_LIBRARY_DIR)/Frameworks";
				LD_RUNPATH_SEARCH_PATHS = "$(inherited) @executable_path/Frameworks @loader_path/Frameworks";
				OTHER_LDFLAGS = "$(inherited)";
				OTHER_SWIFT_FLAGS = "$(inherited) \"-D\" \"COCOAPODS\"";
				PRODUCT_BUNDLE_IDENTIFIER = com.sortedbits.pixelbits;
				PRODUCT_NAME = "$(TARGET_NAME)";
				SKIP_INSTALL = YES;
				SWIFT_OBJC_BRIDGING_HEADER = "";
				SWIFT_OPTIMIZATION_LEVEL = "-Onone";
			};
			name = Debug;
		};
		AB3984C91C26906A00A38589 /* Release */ = {
			isa = XCBuildConfiguration;
			buildSettings = {
				CLANG_ALLOW_NON_MODULAR_INCLUDES_IN_FRAMEWORK_MODULES = YES;
				CLANG_ENABLE_MODULES = YES;
				CODE_SIGN_IDENTITY = "iPhone Developer";
				DEFINES_MODULE = YES;
				DYLIB_COMPATIBILITY_VERSION = 1;
				DYLIB_CURRENT_VERSION = 1;
				DYLIB_INSTALL_NAME_BASE = "@rpath";
				INFOPLIST_FILE = pixelbits/Info.plist;
				INSTALL_PATH = "$(LOCAL_LIBRARY_DIR)/Frameworks";
				LD_RUNPATH_SEARCH_PATHS = "$(inherited) @executable_path/Frameworks @loader_path/Frameworks";
				OTHER_LDFLAGS = "$(inherited)";
				OTHER_SWIFT_FLAGS = "$(inherited) \"-D\" \"COCOAPODS\"";
				PRODUCT_BUNDLE_IDENTIFIER = com.sortedbits.pixelbits;
				PRODUCT_NAME = "$(TARGET_NAME)";
				SKIP_INSTALL = YES;
				SWIFT_OBJC_BRIDGING_HEADER = "";
			};
			name = Release;
		};
		AB7C54E31C48B681005FDF1B /* Debug */ = {
			isa = XCBuildConfiguration;
			buildSettings = {
				INFOPLIST_FILE = pixelbitsTests/Info.plist;
				IPHONEOS_DEPLOYMENT_TARGET = 9.0;
				LD_RUNPATH_SEARCH_PATHS = "$(inherited) @executable_path/Frameworks @loader_path/Frameworks";
				PRODUCT_BUNDLE_IDENTIFIER = com.sortedbits.pixelbitsTests;
				PRODUCT_NAME = "$(TARGET_NAME)";
			};
			name = Debug;
		};
		AB7C54E41C48B681005FDF1B /* Release */ = {
			isa = XCBuildConfiguration;
			buildSettings = {
				INFOPLIST_FILE = pixelbitsTests/Info.plist;
				IPHONEOS_DEPLOYMENT_TARGET = 9.0;
				LD_RUNPATH_SEARCH_PATHS = "$(inherited) @executable_path/Frameworks @loader_path/Frameworks";
				PRODUCT_BUNDLE_IDENTIFIER = com.sortedbits.pixelbitsTests;
				PRODUCT_NAME = "$(TARGET_NAME)";
			};
			name = Release;
		};
/* End XCBuildConfiguration section */

/* Begin XCConfigurationList section */
		AB3984B91C26906A00A38589 /* Build configuration list for PBXProject "pixelbits" */ = {
			isa = XCConfigurationList;
			buildConfigurations = (
				AB3984C51C26906A00A38589 /* Debug */,
				AB3984C61C26906A00A38589 /* Release */,
			);
			defaultConfigurationIsVisible = 0;
			defaultConfigurationName = Release;
		};
		AB3984C71C26906A00A38589 /* Build configuration list for PBXNativeTarget "pixelbits" */ = {
			isa = XCConfigurationList;
			buildConfigurations = (
				AB3984C81C26906A00A38589 /* Debug */,
				AB3984C91C26906A00A38589 /* Release */,
			);
			defaultConfigurationIsVisible = 0;
			defaultConfigurationName = Release;
		};
		AB7C54E21C48B681005FDF1B /* Build configuration list for PBXNativeTarget "pixelbitsTests" */ = {
			isa = XCConfigurationList;
			buildConfigurations = (
				AB7C54E31C48B681005FDF1B /* Debug */,
				AB7C54E41C48B681005FDF1B /* Release */,
			);
			defaultConfigurationIsVisible = 0;
			defaultConfigurationName = Release;
		};
/* End XCConfigurationList section */
	};
	rootObject = AB3984B61C26906A00A38589 /* Project object */;
}
