// !$*UTF8*$!
{
	archiveVersion = 1;
	classes = {
	};
	objectVersion = 46;
	objects = {

/* Begin PBXBuildFile section */
		9F463B92485F5431A3BCC095 /* Pods.framework in Frameworks */ = {isa = PBXBuildFile; fileRef = C97B9927BDBF8AB41EE5560C /* Pods.framework */; };
		AB35DD421C45093600E60F32 /* UIViewLocation.swift in Sources */ = {isa = PBXBuildFile; fileRef = AB35DD411C45093600E60F32 /* UIViewLocation.swift */; };
		AB35DD441C46675400E60F32 /* PBNodeCollection.swift in Sources */ = {isa = PBXBuildFile; fileRef = AB35DD431C46675400E60F32 /* PBNodeCollection.swift */; };
		AB35DD461C467BA300E60F32 /* Array+remove.swift in Sources */ = {isa = PBXBuildFile; fileRef = AB35DD451C467BA300E60F32 /* Array+remove.swift */; };
		AB364C7E1C4156B100FDCA5C /* UIColorConverter.swift in Sources */ = {isa = PBXBuildFile; fileRef = AB364C7D1C4156B100FDCA5C /* UIColorConverter.swift */; };
		AB364C801C41A8DD00FDCA5C /* UIFontConverter.swift in Sources */ = {isa = PBXBuildFile; fileRef = AB364C7F1C41A8DD00FDCA5C /* UIFontConverter.swift */; };
		AB364C821C41B2FF00FDCA5C /* Log.swift in Sources */ = {isa = PBXBuildFile; fileRef = AB364C811C41B2FF00FDCA5C /* Log.swift */; };
		AB3984C31C26906A00A38589 /* pixelbits.h in Headers */ = {isa = PBXBuildFile; fileRef = AB3984C21C26906A00A38589 /* pixelbits.h */; settings = {ATTRIBUTES = (Public, ); }; };
		AB3984CB1C2690EC00A38589 /* Pixelbits.swift in Sources */ = {isa = PBXBuildFile; fileRef = AB3984CA1C2690EC00A38589 /* Pixelbits.swift */; };
		AB3984CE1C26927300A38589 /* UIView+Bits.swift in Sources */ = {isa = PBXBuildFile; fileRef = AB3984CD1C26927300A38589 /* UIView+Bits.swift */; };
		AB3984D01C26962C00A38589 /* AssociationKeys.swift in Sources */ = {isa = PBXBuildFile; fileRef = AB3984CF1C26962C00A38589 /* AssociationKeys.swift */; };
		AB3A4A4E1C44DA9200BB44FE /* PBPropertyType.swift in Sources */ = {isa = PBXBuildFile; fileRef = AB3A4A4D1C44DA9200BB44FE /* PBPropertyType.swift */; };
		AB4CDBAC1C44C81C00E670E9 /* NSTextAlignmentConverter.swift in Sources */ = {isa = PBXBuildFile; fileRef = AB4CDBAA1C44C81C00E670E9 /* NSTextAlignmentConverter.swift */; };
		AB4CDBAD1C44C81C00E670E9 /* UIControlStateConverter.swift in Sources */ = {isa = PBXBuildFile; fileRef = AB4CDBAB1C44C81C00E670E9 /* UIControlStateConverter.swift */; };
		AB637E5F1C47A61B00B0A845 /* String+Regex.swift in Sources */ = {isa = PBXBuildFile; fileRef = AB637E5E1C47A61B00B0A845 /* String+Regex.swift */; };
		AB637E631C47AC4200B0A845 /* TryCatch.h in Headers */ = {isa = PBXBuildFile; fileRef = AB637E611C47AC4200B0A845 /* TryCatch.h */; settings = {ATTRIBUTES = (Public, ); }; };
		AB637E641C47AC4200B0A845 /* TryCatch.m in Sources */ = {isa = PBXBuildFile; fileRef = AB637E621C47AC4200B0A845 /* TryCatch.m */; };
		AB637E6D1C483D3700B0A845 /* UIFontTextStyleConverter.swift in Sources */ = {isa = PBXBuildFile; fileRef = AB637E6C1C483D3700B0A845 /* UIFontTextStyleConverter.swift */; };
		AB68BACD1C46AB8400362733 /* UIControlContentHorizontalAlignmentConverter.swift in Sources */ = {isa = PBXBuildFile; fileRef = AB68BACC1C46AB8400362733 /* UIControlContentHorizontalAlignmentConverter.swift */; };
		AB68BACF1C475B0300362733 /* DictionaryKeyConverter.swift in Sources */ = {isa = PBXBuildFile; fileRef = AB68BACE1C475B0300362733 /* DictionaryKeyConverter.swift */; };
		AB68BAD11C47818100362733 /* UIControlContentVerticalAlignmentConverter.swift in Sources */ = {isa = PBXBuildFile; fileRef = AB68BAD01C47818100362733 /* UIControlContentVerticalAlignmentConverter.swift */; };
		ABDF430A1C47967500F01EB4 /* ValueConverter.swift in Sources */ = {isa = PBXBuildFile; fileRef = ABDF43091C47967500F01EB4 /* ValueConverter.swift */; };
		ABE17D1D1C42FF6B00755B1F /* PBNode.swift in Sources */ = {isa = PBXBuildFile; fileRef = ABE17D1C1C42FF6B00755B1F /* PBNode.swift */; };
		ABE17D1F1C4398A900755B1F /* UIImageConverter.swift in Sources */ = {isa = PBXBuildFile; fileRef = ABE17D1E1C4398A900755B1F /* UIImageConverter.swift */; };
		ABE17D231C439CA400755B1F /* PBProperty.swift in Sources */ = {isa = PBXBuildFile; fileRef = ABE17D221C439CA400755B1F /* PBProperty.swift */; };
/* End PBXBuildFile section */

/* Begin PBXFileReference section */
		62D502DC563920273B59A114 /* Pods.release.xcconfig */ = {isa = PBXFileReference; includeInIndex = 1; lastKnownFileType = text.xcconfig; name = Pods.release.xcconfig; path = "Pods/Target Support Files/Pods/Pods.release.xcconfig"; sourceTree = "<group>"; };
		91ED8E759875735D7D64A2B6 /* Pods.debug.xcconfig */ = {isa = PBXFileReference; includeInIndex = 1; lastKnownFileType = text.xcconfig; name = Pods.debug.xcconfig; path = "Pods/Target Support Files/Pods/Pods.debug.xcconfig"; sourceTree = "<group>"; };
		AB35DD411C45093600E60F32 /* UIViewLocation.swift */ = {isa = PBXFileReference; fileEncoding = 4; lastKnownFileType = sourcecode.swift; path = UIViewLocation.swift; sourceTree = "<group>"; };
		AB35DD431C46675400E60F32 /* PBNodeCollection.swift */ = {isa = PBXFileReference; fileEncoding = 4; lastKnownFileType = sourcecode.swift; path = PBNodeCollection.swift; sourceTree = "<group>"; };
		AB35DD451C467BA300E60F32 /* Array+remove.swift */ = {isa = PBXFileReference; fileEncoding = 4; lastKnownFileType = sourcecode.swift; name = "Array+remove.swift"; path = "Extensions/Array+remove.swift"; sourceTree = "<group>"; };
		AB364C7D1C4156B100FDCA5C /* UIColorConverter.swift */ = {isa = PBXFileReference; fileEncoding = 4; lastKnownFileType = sourcecode.swift; name = UIColorConverter.swift; path = Converters/UIColorConverter.swift; sourceTree = "<group>"; };
		AB364C7F1C41A8DD00FDCA5C /* UIFontConverter.swift */ = {isa = PBXFileReference; fileEncoding = 4; lastKnownFileType = sourcecode.swift; name = UIFontConverter.swift; path = Converters/UIFontConverter.swift; sourceTree = "<group>"; };
		AB364C811C41B2FF00FDCA5C /* Log.swift */ = {isa = PBXFileReference; fileEncoding = 4; lastKnownFileType = sourcecode.swift; path = Log.swift; sourceTree = "<group>"; };
		AB3984BF1C26906A00A38589 /* pixelbits.framework */ = {isa = PBXFileReference; explicitFileType = wrapper.framework; includeInIndex = 0; path = pixelbits.framework; sourceTree = BUILT_PRODUCTS_DIR; };
		AB3984C21C26906A00A38589 /* pixelbits.h */ = {isa = PBXFileReference; lastKnownFileType = sourcecode.c.h; path = pixelbits.h; sourceTree = "<group>"; };
		AB3984C41C26906A00A38589 /* Info.plist */ = {isa = PBXFileReference; lastKnownFileType = text.plist.xml; path = Info.plist; sourceTree = "<group>"; };
		AB3984CA1C2690EC00A38589 /* Pixelbits.swift */ = {isa = PBXFileReference; fileEncoding = 4; lastKnownFileType = sourcecode.swift; path = Pixelbits.swift; sourceTree = "<group>"; };
		AB3984CD1C26927300A38589 /* UIView+Bits.swift */ = {isa = PBXFileReference; fileEncoding = 4; lastKnownFileType = sourcecode.swift; name = "UIView+Bits.swift"; path = "Extensions/UIView+Bits.swift"; sourceTree = "<group>"; };
		AB3984CF1C26962C00A38589 /* AssociationKeys.swift */ = {isa = PBXFileReference; fileEncoding = 4; lastKnownFileType = sourcecode.swift; path = AssociationKeys.swift; sourceTree = "<group>"; };
		AB3A4A4D1C44DA9200BB44FE /* PBPropertyType.swift */ = {isa = PBXFileReference; fileEncoding = 4; lastKnownFileType = sourcecode.swift; path = PBPropertyType.swift; sourceTree = "<group>"; };
		AB4CDBAA1C44C81C00E670E9 /* NSTextAlignmentConverter.swift */ = {isa = PBXFileReference; fileEncoding = 4; lastKnownFileType = sourcecode.swift; name = NSTextAlignmentConverter.swift; path = Converters/NSTextAlignmentConverter.swift; sourceTree = "<group>"; };
		AB4CDBAB1C44C81C00E670E9 /* UIControlStateConverter.swift */ = {isa = PBXFileReference; fileEncoding = 4; lastKnownFileType = sourcecode.swift; name = UIControlStateConverter.swift; path = Converters/UIControlStateConverter.swift; sourceTree = "<group>"; };
		AB637E5E1C47A61B00B0A845 /* String+Regex.swift */ = {isa = PBXFileReference; fileEncoding = 4; lastKnownFileType = sourcecode.swift; name = "String+Regex.swift"; path = "Extensions/String+Regex.swift"; sourceTree = "<group>"; };
		AB637E611C47AC4200B0A845 /* TryCatch.h */ = {isa = PBXFileReference; fileEncoding = 4; lastKnownFileType = sourcecode.c.h; name = TryCatch.h; path = Other/TryCatch.h; sourceTree = "<group>"; };
		AB637E621C47AC4200B0A845 /* TryCatch.m */ = {isa = PBXFileReference; fileEncoding = 4; lastKnownFileType = sourcecode.c.objc; name = TryCatch.m; path = Other/TryCatch.m; sourceTree = "<group>"; };
		AB637E6C1C483D3700B0A845 /* UIFontTextStyleConverter.swift */ = {isa = PBXFileReference; fileEncoding = 4; lastKnownFileType = sourcecode.swift; name = UIFontTextStyleConverter.swift; path = Converters/UIFontTextStyleConverter.swift; sourceTree = "<group>"; };
		AB68BACC1C46AB8400362733 /* UIControlContentHorizontalAlignmentConverter.swift */ = {isa = PBXFileReference; fileEncoding = 4; lastKnownFileType = sourcecode.swift; name = UIControlContentHorizontalAlignmentConverter.swift; path = Converters/UIControlContentHorizontalAlignmentConverter.swift; sourceTree = "<group>"; };
		AB68BACE1C475B0300362733 /* DictionaryKeyConverter.swift */ = {isa = PBXFileReference; fileEncoding = 4; lastKnownFileType = sourcecode.swift; name = DictionaryKeyConverter.swift; path = Converters/DictionaryKeyConverter.swift; sourceTree = "<group>"; };
		AB68BAD01C47818100362733 /* UIControlContentVerticalAlignmentConverter.swift */ = {isa = PBXFileReference; fileEncoding = 4; lastKnownFileType = sourcecode.swift; name = UIControlContentVerticalAlignmentConverter.swift; path = Converters/UIControlContentVerticalAlignmentConverter.swift; sourceTree = "<group>"; };
		ABDF43091C47967500F01EB4 /* ValueConverter.swift */ = {isa = PBXFileReference; fileEncoding = 4; lastKnownFileType = sourcecode.swift; name = ValueConverter.swift; path = Converters/ValueConverter.swift; sourceTree = "<group>"; };
		ABE17D1C1C42FF6B00755B1F /* PBNode.swift */ = {isa = PBXFileReference; fileEncoding = 4; lastKnownFileType = sourcecode.swift; path = PBNode.swift; sourceTree = "<group>"; };
		ABE17D1E1C4398A900755B1F /* UIImageConverter.swift */ = {isa = PBXFileReference; fileEncoding = 4; lastKnownFileType = sourcecode.swift; name = UIImageConverter.swift; path = Converters/UIImageConverter.swift; sourceTree = "<group>"; };
		ABE17D221C439CA400755B1F /* PBProperty.swift */ = {isa = PBXFileReference; fileEncoding = 4; lastKnownFileType = sourcecode.swift; path = PBProperty.swift; sourceTree = "<group>"; };
		C97B9927BDBF8AB41EE5560C /* Pods.framework */ = {isa = PBXFileReference; explicitFileType = wrapper.framework; includeInIndex = 0; path = Pods.framework; sourceTree = BUILT_PRODUCTS_DIR; };
/* End PBXFileReference section */

/* Begin PBXFrameworksBuildPhase section */
		AB3984BB1C26906A00A38589 /* Frameworks */ = {
			isa = PBXFrameworksBuildPhase;
			buildActionMask = 2147483647;
			files = (
				9F463B92485F5431A3BCC095 /* Pods.framework in Frameworks */,
			);
			runOnlyForDeploymentPostprocessing = 0;
		};
/* End PBXFrameworksBuildPhase section */

/* Begin PBXGroup section */
		8C6695D18C8FC1900F91A62C /* Frameworks */ = {
			isa = PBXGroup;
			children = (
				C97B9927BDBF8AB41EE5560C /* Pods.framework */,
			);
			name = Frameworks;
			sourceTree = "<group>";
		};
		AB364C7C1C41569A00FDCA5C /* Converters */ = {
			isa = PBXGroup;
			children = (
				AB68BACE1C475B0300362733 /* DictionaryKeyConverter.swift */,
				AB4CDBAA1C44C81C00E670E9 /* NSTextAlignmentConverter.swift */,
				AB364C7D1C4156B100FDCA5C /* UIColorConverter.swift */,
				AB68BACC1C46AB8400362733 /* UIControlContentHorizontalAlignmentConverter.swift */,
				AB68BAD01C47818100362733 /* UIControlContentVerticalAlignmentConverter.swift */,
				AB4CDBAB1C44C81C00E670E9 /* UIControlStateConverter.swift */,
				AB364C7F1C41A8DD00FDCA5C /* UIFontConverter.swift */,
				AB637E6C1C483D3700B0A845 /* UIFontTextStyleConverter.swift */,
				ABE17D1E1C4398A900755B1F /* UIImageConverter.swift */,
				ABDF43091C47967500F01EB4 /* ValueConverter.swift */,
			);
			name = Converters;
			sourceTree = "<group>";
		};
		AB3984B51C26906A00A38589 = {
			isa = PBXGroup;
			children = (
				AB3984C11C26906A00A38589 /* pixelbits */,
				AB3984C01C26906A00A38589 /* Products */,
				F365937B3C623D5CA8D0867B /* Pods */,
				8C6695D18C8FC1900F91A62C /* Frameworks */,
			);
			sourceTree = "<group>";
		};
		AB3984C01C26906A00A38589 /* Products */ = {
			isa = PBXGroup;
			children = (
				AB3984BF1C26906A00A38589 /* pixelbits.framework */,
			);
			name = Products;
			sourceTree = "<group>";
		};
		AB3984C11C26906A00A38589 /* pixelbits */ = {
			isa = PBXGroup;
			children = (
				AB3984CF1C26962C00A38589 /* AssociationKeys.swift */,
				AB364C7C1C41569A00FDCA5C /* Converters */,
				AB3984CC1C26925200A38589 /* Extensions */,
				AB3984C41C26906A00A38589 /* Info.plist */,
				AB637E601C47AC2C00B0A845 /* Other */,
				ABE17D191C42FF2500755B1F /* Parsing */,
				AB3984C21C26906A00A38589 /* pixelbits.h */,
				AB3984CA1C2690EC00A38589 /* Pixelbits.swift */,
			);
			path = pixelbits;
			sourceTree = "<group>";
		};
		AB3984CC1C26925200A38589 /* Extensions */ = {
			isa = PBXGroup;
			children = (
				AB35DD451C467BA300E60F32 /* Array+remove.swift */,
				AB637E5E1C47A61B00B0A845 /* String+Regex.swift */,
				AB3984CD1C26927300A38589 /* UIView+Bits.swift */,
			);
			name = Extensions;
			sourceTree = "<group>";
		};
		AB637E601C47AC2C00B0A845 /* Other */ = {
			isa = PBXGroup;
			children = (
				AB364C811C41B2FF00FDCA5C /* Log.swift */,
				AB637E611C47AC4200B0A845 /* TryCatch.h */,
				AB637E621C47AC4200B0A845 /* TryCatch.m */,
			);
			name = Other;
			sourceTree = "<group>";
		};
		ABE17D191C42FF2500755B1F /* Parsing */ = {
			isa = PBXGroup;
			children = (
				ABE17D1C1C42FF6B00755B1F /* PBNode.swift */,
				AB35DD431C46675400E60F32 /* PBNodeCollection.swift */,
				ABE17D221C439CA400755B1F /* PBProperty.swift */,
				AB3A4A4D1C44DA9200BB44FE /* PBPropertyType.swift */,
				AB35DD411C45093600E60F32 /* UIViewLocation.swift */,
			);
			name = Parsing;
			path = Parser;
			sourceTree = "<group>";
		};
		F365937B3C623D5CA8D0867B /* Pods */ = {
			isa = PBXGroup;
			children = (
				91ED8E759875735D7D64A2B6 /* Pods.debug.xcconfig */,
				62D502DC563920273B59A114 /* Pods.release.xcconfig */,
			);
			name = Pods;
			sourceTree = "<group>";
		};
/* End PBXGroup section */

/* Begin PBXHeadersBuildPhase section */
		AB3984BC1C26906A00A38589 /* Headers */ = {
			isa = PBXHeadersBuildPhase;
			buildActionMask = 2147483647;
			files = (
				AB637E631C47AC4200B0A845 /* TryCatch.h in Headers */,
				AB3984C31C26906A00A38589 /* pixelbits.h in Headers */,
			);
			runOnlyForDeploymentPostprocessing = 0;
		};
/* End PBXHeadersBuildPhase section */

/* Begin PBXNativeTarget section */
		AB3984BE1C26906A00A38589 /* pixelbits */ = {
			isa = PBXNativeTarget;
			buildConfigurationList = AB3984C71C26906A00A38589 /* Build configuration list for PBXNativeTarget "pixelbits" */;
			buildPhases = (
				16C1D7EA817E7B388A13A310 /* Check Pods Manifest.lock */,
				AB3984BA1C26906A00A38589 /* Sources */,
				AB3984BB1C26906A00A38589 /* Frameworks */,
				AB3984BC1C26906A00A38589 /* Headers */,
				AB3984BD1C26906A00A38589 /* Resources */,
				9BD2021139B144F00F4CE062 /* Copy Pods Resources */,
			);
			buildRules = (
			);
			dependencies = (
			);
			name = pixelbits;
			productName = pixelbits;
			productReference = AB3984BF1C26906A00A38589 /* pixelbits.framework */;
			productType = "com.apple.product-type.framework";
		};
/* End PBXNativeTarget section */

/* Begin PBXProject section */
		AB3984B61C26906A00A38589 /* Project object */ = {
			isa = PBXProject;
			attributes = {
				LastSwiftUpdateCheck = 0730;
				LastUpgradeCheck = 0720;
				ORGANIZATIONNAME = "Wim Haanstra";
				TargetAttributes = {
					AB3984BE1C26906A00A38589 = {
						CreatedOnToolsVersion = 7.2;
						DevelopmentTeam = VL6GQ32BN6;
					};
				};
			};
			buildConfigurationList = AB3984B91C26906A00A38589 /* Build configuration list for PBXProject "pixelbits" */;
			compatibilityVersion = "Xcode 3.2";
			developmentRegion = English;
			hasScannedForEncodings = 0;
			knownRegions = (
				en,
			);
			mainGroup = AB3984B51C26906A00A38589;
			productRefGroup = AB3984C01C26906A00A38589 /* Products */;
			projectDirPath = "";
			projectRoot = "";
			targets = (
				AB3984BE1C26906A00A38589 /* pixelbits */,
			);
		};
/* End PBXProject section */

/* Begin PBXResourcesBuildPhase section */
		AB3984BD1C26906A00A38589 /* Resources */ = {
			isa = PBXResourcesBuildPhase;
			buildActionMask = 2147483647;
			files = (
			);
			runOnlyForDeploymentPostprocessing = 0;
		};
/* End PBXResourcesBuildPhase section */

/* Begin PBXShellScriptBuildPhase section */
		16C1D7EA817E7B388A13A310 /* Check Pods Manifest.lock */ = {
			isa = PBXShellScriptBuildPhase;
			buildActionMask = 2147483647;
			files = (
			);
			inputPaths = (
			);
			name = "Check Pods Manifest.lock";
			outputPaths = (
			);
			runOnlyForDeploymentPostprocessing = 0;
			shellPath = /bin/sh;
			shellScript = "diff \"${PODS_ROOT}/../Podfile.lock\" \"${PODS_ROOT}/Manifest.lock\" > /dev/null\nif [[ $? != 0 ]] ; then\n    cat << EOM\nerror: The sandbox is not in sync with the Podfile.lock. Run 'pod install' or update your CocoaPods installation.\nEOM\n    exit 1\nfi\n";
			showEnvVarsInLog = 0;
		};
		9BD2021139B144F00F4CE062 /* Copy Pods Resources */ = {
			isa = PBXShellScriptBuildPhase;
			buildActionMask = 2147483647;
			files = (
			);
			inputPaths = (
			);
			name = "Copy Pods Resources";
			outputPaths = (
			);
			runOnlyForDeploymentPostprocessing = 0;
			shellPath = /bin/sh;
			shellScript = "\"${SRCROOT}/Pods/Target Support Files/Pods/Pods-resources.sh\"\n";
			showEnvVarsInLog = 0;
		};
/* End PBXShellScriptBuildPhase section */

/* Begin PBXSourcesBuildPhase section */
		AB3984BA1C26906A00A38589 /* Sources */ = {
			isa = PBXSourcesBuildPhase;
			buildActionMask = 2147483647;
			files = (
				AB4CDBAD1C44C81C00E670E9 /* UIControlStateConverter.swift in Sources */,
				ABE17D1F1C4398A900755B1F /* UIImageConverter.swift in Sources */,
				AB637E6D1C483D3700B0A845 /* UIFontTextStyleConverter.swift in Sources */,
				ABDF430A1C47967500F01EB4 /* ValueConverter.swift in Sources */,
				AB3984D01C26962C00A38589 /* AssociationKeys.swift in Sources */,
				AB364C821C41B2FF00FDCA5C /* Log.swift in Sources */,
				AB637E641C47AC4200B0A845 /* TryCatch.m in Sources */,
				AB35DD421C45093600E60F32 /* UIViewLocation.swift in Sources */,
				AB637E5F1C47A61B00B0A845 /* String+Regex.swift in Sources */,
				AB3984CE1C26927300A38589 /* UIView+Bits.swift in Sources */,
				ABE17D231C439CA400755B1F /* PBProperty.swift in Sources */,
				ABE17D1D1C42FF6B00755B1F /* PBNode.swift in Sources */,
				AB68BACD1C46AB8400362733 /* UIControlContentHorizontalAlignmentConverter.swift in Sources */,
				AB35DD461C467BA300E60F32 /* Array+remove.swift in Sources */,
				AB68BACF1C475B0300362733 /* DictionaryKeyConverter.swift in Sources */,
				AB4CDBAC1C44C81C00E670E9 /* NSTextAlignmentConverter.swift in Sources */,
				AB35DD441C46675400E60F32 /* PBNodeCollection.swift in Sources */,
				AB3A4A4E1C44DA9200BB44FE /* PBPropertyType.swift in Sources */,
				AB364C801C41A8DD00FDCA5C /* UIFontConverter.swift in Sources */,
				AB364C7E1C4156B100FDCA5C /* UIColorConverter.swift in Sources */,
				AB68BAD11C47818100362733 /* UIControlContentVerticalAlignmentConverter.swift in Sources */,
				AB3984CB1C2690EC00A38589 /* Pixelbits.swift in Sources */,
			);
			runOnlyForDeploymentPostprocessing = 0;
		};
/* End PBXSourcesBuildPhase section */

/* Begin XCBuildConfiguration section */
		AB3984C51C26906A00A38589 /* Debug */ = {
			isa = XCBuildConfiguration;
			buildSettings = {
				ALWAYS_SEARCH_USER_PATHS = NO;
				CLANG_CXX_LANGUAGE_STANDARD = "gnu++0x";
				CLANG_CXX_LIBRARY = "libc++";
				CLANG_ENABLE_MODULES = YES;
				CLANG_ENABLE_OBJC_ARC = YES;
				CLANG_WARN_BOOL_CONVERSION = YES;
				CLANG_WARN_CONSTANT_CONVERSION = YES;
				CLANG_WARN_DIRECT_OBJC_ISA_USAGE = YES_ERROR;
				CLANG_WARN_EMPTY_BODY = YES;
				CLANG_WARN_ENUM_CONVERSION = YES;
				CLANG_WARN_INT_CONVERSION = YES;
				CLANG_WARN_OBJC_ROOT_CLASS = YES_ERROR;
				CLANG_WARN_UNREACHABLE_CODE = YES;
				CLANG_WARN__DUPLICATE_METHOD_MATCH = YES;
				"CODE_SIGN_IDENTITY[sdk=iphoneos*]" = "iPhone Developer";
				COPY_PHASE_STRIP = NO;
				CURRENT_PROJECT_VERSION = 1;
				DEBUG_INFORMATION_FORMAT = dwarf;
				ENABLE_STRICT_OBJC_MSGSEND = YES;
				ENABLE_TESTABILITY = YES;
				GCC_C_LANGUAGE_STANDARD = gnu99;
				GCC_DYNAMIC_NO_PIC = NO;
				GCC_NO_COMMON_BLOCKS = YES;
				GCC_OPTIMIZATION_LEVEL = 0;
				GCC_PREPROCESSOR_DEFINITIONS = (
					"DEBUG=1",
					"$(inherited)",
				);
				GCC_WARN_64_TO_32_BIT_CONVERSION = YES;
				GCC_WARN_ABOUT_RETURN_TYPE = YES_ERROR;
				GCC_WARN_UNDECLARED_SELECTOR = YES;
				GCC_WARN_UNINITIALIZED_AUTOS = YES_AGGRESSIVE;
				GCC_WARN_UNUSED_FUNCTION = YES;
				GCC_WARN_UNUSED_VARIABLE = YES;
				IPHONEOS_DEPLOYMENT_TARGET = 9.2;
				MTL_ENABLE_DEBUG_INFO = YES;
				ONLY_ACTIVE_ARCH = YES;
				SDKROOT = iphoneos;
				SWIFT_OPTIMIZATION_LEVEL = "-Onone";
				TARGETED_DEVICE_FAMILY = "1,2";
				VERSIONING_SYSTEM = "apple-generic";
				VERSION_INFO_PREFIX = "";
			};
			name = Debug;
		};
		AB3984C61C26906A00A38589 /* Release */ = {
			isa = XCBuildConfiguration;
			buildSettings = {
				ALWAYS_SEARCH_USER_PATHS = NO;
				CLANG_CXX_LANGUAGE_STANDARD = "gnu++0x";
				CLANG_CXX_LIBRARY = "libc++";
				CLANG_ENABLE_MODULES = YES;
				CLANG_ENABLE_OBJC_ARC = YES;
				CLANG_WARN_BOOL_CONVERSION = YES;
				CLANG_WARN_CONSTANT_CONVERSION = YES;
				CLANG_WARN_DIRECT_OBJC_ISA_USAGE = YES_ERROR;
				CLANG_WARN_EMPTY_BODY = YES;
				CLANG_WARN_ENUM_CONVERSION = YES;
				CLANG_WARN_INT_CONVERSION = YES;
				CLANG_WARN_OBJC_ROOT_CLASS = YES_ERROR;
				CLANG_WARN_UNREACHABLE_CODE = YES;
				CLANG_WARN__DUPLICATE_METHOD_MATCH = YES;
				"CODE_SIGN_IDENTITY[sdk=iphoneos*]" = "iPhone Developer";
				COPY_PHASE_STRIP = NO;
				CURRENT_PROJECT_VERSION = 1;
				DEBUG_INFORMATION_FORMAT = "dwarf-with-dsym";
				ENABLE_NS_ASSERTIONS = NO;
				ENABLE_STRICT_OBJC_MSGSEND = YES;
				GCC_C_LANGUAGE_STANDARD = gnu99;
				GCC_NO_COMMON_BLOCKS = YES;
				GCC_WARN_64_TO_32_BIT_CONVERSION = YES;
				GCC_WARN_ABOUT_RETURN_TYPE = YES_ERROR;
				GCC_WARN_UNDECLARED_SELECTOR = YES;
				GCC_WARN_UNINITIALIZED_AUTOS = YES_AGGRESSIVE;
				GCC_WARN_UNUSED_FUNCTION = YES;
				GCC_WARN_UNUSED_VARIABLE = YES;
				IPHONEOS_DEPLOYMENT_TARGET = 9.2;
				MTL_ENABLE_DEBUG_INFO = NO;
				SDKROOT = iphoneos;
				TARGETED_DEVICE_FAMILY = "1,2";
				VALIDATE_PRODUCT = YES;
				VERSIONING_SYSTEM = "apple-generic";
				VERSION_INFO_PREFIX = "";
			};
			name = Release;
		};
		AB3984C81C26906A00A38589 /* Debug */ = {
			isa = XCBuildConfiguration;
			baseConfigurationReference = 91ED8E759875735D7D64A2B6 /* Pods.debug.xcconfig */;
			buildSettings = {
				CLANG_ENABLE_MODULES = YES;
				CODE_SIGN_IDENTITY = "iPhone Developer";
				DEFINES_MODULE = YES;
				DYLIB_COMPATIBILITY_VERSION = 1;
				DYLIB_CURRENT_VERSION = 1;
				DYLIB_INSTALL_NAME_BASE = "@rpath";
				INFOPLIST_FILE = pixelbits/Info.plist;
				INSTALL_PATH = "$(LOCAL_LIBRARY_DIR)/Frameworks";
				LD_RUNPATH_SEARCH_PATHS = "$(inherited) @executable_path/Frameworks @loader_path/Frameworks";
				OTHER_LDFLAGS = (
					"$(inherited)",
					"-framework",
					"\"YamlSwift\"",
				);
				OTHER_SWIFT_FLAGS = "$(inherited) \"-D\" \"COCOAPODS\"";
				PRODUCT_BUNDLE_IDENTIFIER = com.sortedbits.pixelbits;
				PRODUCT_NAME = "$(TARGET_NAME)";
				SKIP_INSTALL = YES;
				SWIFT_OBJC_BRIDGING_HEADER = "";
				SWIFT_OPTIMIZATION_LEVEL = "-Onone";
			};
			name = Debug;
		};
		AB3984C91C26906A00A38589 /* Release */ = {
			isa = XCBuildConfiguration;
			baseConfigurationReference = 62D502DC563920273B59A114 /* Pods.release.xcconfig */;
			buildSettings = {
				CLANG_ENABLE_MODULES = YES;
				CODE_SIGN_IDENTITY = "iPhone Developer";
				DEFINES_MODULE = YES;
				DYLIB_COMPATIBILITY_VERSION = 1;
				DYLIB_CURRENT_VERSION = 1;
				DYLIB_INSTALL_NAME_BASE = "@rpath";
				INFOPLIST_FILE = pixelbits/Info.plist;
				INSTALL_PATH = "$(LOCAL_LIBRARY_DIR)/Frameworks";
				LD_RUNPATH_SEARCH_PATHS = "$(inherited) @executable_path/Frameworks @loader_path/Frameworks";
				OTHER_LDFLAGS = (
					"$(inherited)",
					"-framework",
					"\"YamlSwift\"",
				);
				OTHER_SWIFT_FLAGS = "$(inherited) \"-D\" \"COCOAPODS\"";
				PRODUCT_BUNDLE_IDENTIFIER = com.sortedbits.pixelbits;
				PRODUCT_NAME = "$(TARGET_NAME)";
				SKIP_INSTALL = YES;
				SWIFT_OBJC_BRIDGING_HEADER = "";
			};
			name = Release;
		};
/* End XCBuildConfiguration section */

/* Begin XCConfigurationList section */
		AB3984B91C26906A00A38589 /* Build configuration list for PBXProject "pixelbits" */ = {
			isa = XCConfigurationList;
			buildConfigurations = (
				AB3984C51C26906A00A38589 /* Debug */,
				AB3984C61C26906A00A38589 /* Release */,
			);
			defaultConfigurationIsVisible = 0;
			defaultConfigurationName = Release;
		};
		AB3984C71C26906A00A38589 /* Build configuration list for PBXNativeTarget "pixelbits" */ = {
			isa = XCConfigurationList;
			buildConfigurations = (
				AB3984C81C26906A00A38589 /* Debug */,
				AB3984C91C26906A00A38589 /* Release */,
			);
			defaultConfigurationIsVisible = 0;
			defaultConfigurationName = Release;
		};
/* End XCConfigurationList section */
	};
	rootObject = AB3984B61C26906A00A38589 /* Project object */;
}
